{
  "name": "AniiX",
  "lockfileVersion": 3,
  "requires": true,
  "packages": {
    "": {
      "dependencies": {
        "angular": "^1.8.3",
        "angular-http": "^0.0.0",
        "angular-route": "^1.8.3"
      }
    },
    "node_modules/angular": {
      "version": "1.8.3",
      "resolved": "https://registry.npmjs.org/angular/-/angular-1.8.3.tgz",
      "integrity": "sha512-5qjkWIQQVsHj4Sb5TcEs4WZWpFeVFHXwxEBHUhrny41D8UrBAd6T/6nPPAsLngJCReIOqi95W3mxdveveutpZw==",
      "deprecated": "For the actively supported Angular, see https://www.npmjs.com/package/@angular/core. AngularJS support has officially ended. For extended AngularJS support options, see https://goo.gle/angularjs-path-forward."
    },
    "node_modules/angular-http": {
      "version": "0.0.0",
      "resolved": "https://registry.npmjs.org/angular-http/-/angular-http-0.0.0.tgz",
      "integrity": "sha512-Iyl2jo8jSEPVqCpyDwbB4u8XV2StTLSHrG6ISsoZMTgn/7Fm9O85hzAidLU8Lv3nD7ZihO0MHxU87Hgom0R3mA==",
      "dependencies": {
        "@angular/common": "^4.0.0",
        "@angular/compiler": "^4.0.0",
        "@angular/core": "^4.0.0",
        "@angular/forms": "^4.0.0",
        "@angular/http": "^4.0.0",
        "@angular/platform-browser": "^4.0.0",
        "@angular/platform-browser-dynamic": "^4.0.0",
        "@angular/router": "^4.0.0",
        "angular-in-memory-web-api": "^0.3.1",
        "angular2-tabs": "0.1.0-beta.6",
        "core-js": "^2.4.1",
        "rxjs": "^5.1.0",
        "zone.js": "^0.8.4"
      }
    },
    "node_modules/angular-http/node_modules/@angular/common": {
      "version": "4.4.7",
      "resolved": "https://registry.npmjs.org/@angular/common/-/common-4.4.7.tgz",
      "integrity": "sha512-5R0POjbT4CR+8vXS7P33SiozJpTEKDsHq07EMm90OCwoofU5DIKDLNyEqr362zsbpzGUTmhGbSiLZib5Qt4djA==",
      "dependencies": {
        "tslib": "^1.7.1"
      },
      "peerDependencies": {
        "@angular/core": "4.4.7"
      }
    },
    "node_modules/angular-http/node_modules/@angular/compiler": {
      "version": "4.4.7",
      "resolved": "https://registry.npmjs.org/@angular/compiler/-/compiler-4.4.7.tgz",
      "integrity": "sha512-aiRh86RqHMTgJ7xckQWzG2UTnq23+WuDVhYh/QL19R43areZLglqgtKSkfezg9aatO5CGzxDA3qL5WGhccQ5EQ==",
      "dependencies": {
        "tslib": "^1.7.1"
      },
      "peerDependencies": {
        "@angular/core": "4.4.7"
      }
    },
    "node_modules/angular-http/node_modules/@angular/core": {
      "version": "4.4.7",
      "resolved": "https://registry.npmjs.org/@angular/core/-/core-4.4.7.tgz",
      "integrity": "sha512-Jxs6gNTl5KjXflg5vi5rlnokq1johFccN94qSOgDv+Mg1iuGF2i9p7EHkw3Y8jBCVaSLw1qgHE+wMb6KTlJDLA==",
      "dependencies": {
        "tslib": "^1.7.1"
      },
      "peerDependencies": {
        "rxjs": "^5.0.1",
        "zone.js": "^0.8.4"
      }
    },
    "node_modules/angular-http/node_modules/@angular/forms": {
      "version": "4.4.7",
      "resolved": "https://registry.npmjs.org/@angular/forms/-/forms-4.4.7.tgz",
      "integrity": "sha512-EXGutI4GNBptpwkCQdCTxWAlJll8aCV7m3cA1FHZgFP7VNSgYF0pD+PscM5jSeajG30cRjaKxgL4cqj6yMMtww==",
      "dependencies": {
        "tslib": "^1.7.1"
      },
      "peerDependencies": {
        "@angular/common": "4.4.7",
        "@angular/core": "4.4.7",
        "@angular/platform-browser": "4.4.7"
      }
    },
    "node_modules/angular-http/node_modules/@angular/http": {
      "version": "4.4.7",
      "resolved": "https://registry.npmjs.org/@angular/http/-/http-4.4.7.tgz",
      "integrity": "sha512-9XrvXFVuHsAfVlIbM6Em2EouKiRyV2y4nPA+dAUd/9uB9i/i+FzZlmmeSIvP7ePnm6QyAC6nlvy9FMQYwvrtNA==",
      "deprecated": "Package no longer supported. Use @angular/common instead, see https://angular.io/guide/deprecations#angularhttp",
      "dependencies": {
        "tslib": "^1.7.1"
      },
      "peerDependencies": {
        "@angular/core": "4.4.7",
        "@angular/platform-browser": "4.4.7",
        "rxjs": "^5.0.1"
      }
    },
    "node_modules/angular-http/node_modules/@angular/platform-browser": {
      "version": "4.4.7",
      "resolved": "https://registry.npmjs.org/@angular/platform-browser/-/platform-browser-4.4.7.tgz",
      "integrity": "sha512-5WGMhUbaepmNoE597N/6R4jDdSqe4wwJblfi6bOJI34QStmD6QRnmg3H7ujr8lLhRBo9P3zH+hn7bM3RxUIEJg==",
      "dependencies": {
        "tslib": "^1.7.1"
      },
      "peerDependencies": {
        "@angular/common": "4.4.7",
        "@angular/core": "4.4.7"
      }
    },
    "node_modules/angular-http/node_modules/@angular/platform-browser-dynamic": {
      "version": "4.4.7",
      "resolved": "https://registry.npmjs.org/@angular/platform-browser-dynamic/-/platform-browser-dynamic-4.4.7.tgz",
      "integrity": "sha512-or6CB+LzK8zYn7K4rif32UvVadnbdrqBiT+5Yai1szNUUKuseqx2h1dsEgJQamkajsOUM7zjLYq4LrKJEEcm8A==",
      "dependencies": {
        "tslib": "^1.7.1"
      },
      "peerDependencies": {
        "@angular/common": "4.4.7",
        "@angular/compiler": "4.4.7",
        "@angular/core": "4.4.7",
        "@angular/platform-browser": "4.4.7"
      }
    },
    "node_modules/angular-http/node_modules/@angular/router": {
      "version": "4.4.7",
      "resolved": "https://registry.npmjs.org/@angular/router/-/router-4.4.7.tgz",
      "integrity": "sha512-WaVnBP41UdrUwReSUgB5YE6C37PrYFSaiFAoPRTx4RC0jeRE+ncFWwessVIh0kvfEK4ROkO3QK2BtLzMUY5GNg==",
      "dependencies": {
        "tslib": "^1.7.1"
      },
      "peerDependencies": {
        "@angular/common": "4.4.7",
        "@angular/core": "4.4.7",
        "@angular/platform-browser": "4.4.7",
        "rxjs": "^5.0.1"
      }
    },
    "node_modules/angular-http/node_modules/angular-in-memory-web-api": {
      "version": "0.3.2",
      "resolved": "https://registry.npmjs.org/angular-in-memory-web-api/-/angular-in-memory-web-api-0.3.2.tgz",
      "integrity": "sha512-5SyiNBImOlCUjS+pjKak9Unjt7O9eJKPQhwrYdgvh6IuvUYGZMS6IjzWNMtYbUD2p7lAkhUcwoXyen+AkQrgWQ==",
      "peerDependencies": {
        "@angular/core": ">=2.0.0 <5.0.0 || >=4.0.0-beta <5.0.0",
        "@angular/http": ">=2.0.0 <5.0.0 || >=4.0.0-beta <5.0.0",
        "rxjs": "^5.0.1"
      }
    },
    "node_modules/angular-http/node_modules/rxjs": {
      "version": "5.5.12",
      "resolved": "https://registry.npmjs.org/rxjs/-/rxjs-5.5.12.tgz",
      "integrity": "sha512-xx2itnL5sBbqeeiVgNPVuQQ1nC8Jp2WfNJhXWHmElW9YmrpS9UVnNzhP3EH3HFqexO5Tlp8GhYY+WEcqcVMvGw==",
      "dependencies": {
        "symbol-observable": "1.0.1"
      },
      "engines": {
        "npm": ">=2.0.0"
      }
    },
    "node_modules/angular-http/node_modules/zone.js": {
      "version": "0.8.29",
      "resolved": "https://registry.npmjs.org/zone.js/-/zone.js-0.8.29.tgz",
      "integrity": "sha512-mla2acNCMkWXBD+c+yeUrBUrzOxYMNFdQ6FGfigGGtEVBPJx07BQeJekjt9DmH1FtZek4E9rE1eRR9qQpxACOQ=="
    },
    "node_modules/angular-route": {
      "version": "1.8.3",
      "resolved": "https://registry.npmjs.org/angular-route/-/angular-route-1.8.3.tgz",
      "integrity": "sha512-kpIcRmDR2+o1FxDVVYy8Rvfab86/7LDbOgTRb9T+X9ewPQiBRuDEnZtM3oJYBiQLvAXDYTJXHV48n/bGE9Mv2g==",
      "deprecated": "For the actively supported Angular, see https://www.npmjs.com/package/@angular/core. AngularJS support has officially ended. For extended AngularJS support options, see https://goo.gle/angularjs-path-forward."
    },
    "node_modules/angular2": {
      "version": "2.0.0-beta.21",
      "resolved": "https://registry.npmjs.org/angular2/-/angular2-2.0.0-beta.21.tgz",
      "integrity": "sha512-J2jImQLsyDWW/gU9vjRVxxdl1Sp+m8KM7PR3K6ggy0JtRn27dUHIWCY6F3U28t+aUIFc5Wid0ULKUes7Fz89ig==",
      "deprecated": "This version of Angular has been deprecated. Use @angular/core instead.",
      "peer": true,
      "peerDependencies": {
        "es6-shim": "^0.35.0",
        "reflect-metadata": "0.1.2",
        "rxjs": "5.0.0-beta.6",
        "zone.js": "^0.6.12"
      }
    },
    "node_modules/angular2-tabs": {
      "version": "0.1.0-beta.6",
      "resolved": "https://registry.npmjs.org/angular2-tabs/-/angular2-tabs-0.1.0-beta.6.tgz",
      "integrity": "sha512-SxQMv9MKWgEBGZ7+TEKS93wbCxthtbOXvg+zkMnP/EdBVIFHA+DjbDyMD6C9Yr4HFKMKNUsiUKfBNbLzNkvFfQ==",
      "peerDependencies": {
        "angular2": "*"
      }
    },
    "node_modules/core-js": {
      "version": "2.6.12",
      "resolved": "https://registry.npmjs.org/core-js/-/core-js-2.6.12.tgz",
      "integrity": "sha512-Kb2wC0fvsWfQrgk8HU5lW6U/Lcs8+9aaYcy4ZFc6DDlo4nZ7n70dEgE5rtR0oG6ufKDUnrwfWL1mXR5ljDatrQ==",
      "deprecated": "core-js@<3.23.3 is no longer maintained and not recommended for usage due to the number of issues. Because of the V8 engine whims, feature detection in old core-js versions could cause a slowdown up to 100x even if nothing is polyfilled. Some versions have web compatibility issues. Please, upgrade your dependencies to the actual version of core-js.",
      "hasInstallScript": true
    },
    "node_modules/es6-shim": {
      "version": "0.35.8",
      "resolved": "https://registry.npmjs.org/es6-shim/-/es6-shim-0.35.8.tgz",
      "integrity": "sha512-Twf7I2v4/1tLoIXMT8HlqaBSS5H2wQTs2wx3MNYCI8K1R1/clXyCazrcVCPm/FuO9cyV8+leEaZOWD5C253NDg==",
      "peer": true
    },
    "node_modules/reflect-metadata": {
      "version": "0.1.2",
      "resolved": "https://registry.npmjs.org/reflect-metadata/-/reflect-metadata-0.1.2.tgz",
      "integrity": "sha512-q07DSHTkZtUowt0GxxVOLWao7zUsiUEwYWE6wOopRT3W4i1ASPlMcIkOmNgwTPJT9PV7GV/ZSy6JVBd7pie1lg==",
      "peer": true
    },
    "node_modules/rxjs": {
      "version": "5.0.0-beta.6",
      "resolved": "https://registry.npmjs.org/rxjs/-/rxjs-5.0.0-beta.6.tgz",
      "integrity": "sha512-mbvIHQ6qutECitRARuX+hPx25I9+8hzQmF+/jHRgX2s1bY3lm++xr/VdKWf6uSK4AGHkhKRZ8ZUzQ53a8SzIvQ==",
      "peer": true,
      "engines": {
        "npm": ">=2.0.0"
      }
    },
    "node_modules/symbol-observable": {
      "version": "1.0.1",
      "resolved": "https://registry.npmjs.org/symbol-observable/-/symbol-observable-1.0.1.tgz",
      "integrity": "sha512-Kb3PrPYz4HanVF1LVGuAdW6LoVgIwjUYJGzFe7NDrBLCN4lsV/5J0MFurV+ygS4bRVwrCEt2c7MQ1R2a72oJDw==",
      "engines": {
        "node": ">=0.10.0"
      }
    },
    "node_modules/tslib": {
      "version": "1.14.1",
      "resolved": "https://registry.npmjs.org/tslib/-/tslib-1.14.1.tgz",
      "integrity": "sha512-Xni35NKzjgMrwevysHTCArtLDpPvye8zV/0E4EyYn43P7/7qvQwPh9BGkHewbMulVntbigmcT7rdX3BNo9wRJg=="
    },
    "node_modules/zone.js": {
      "version": "0.6.26",
      "resolved": "https://registry.npmjs.org/zone.js/-/zone.js-0.6.26.tgz",
      "integrity": "sha512-SjtJJxWD81baZLEHJ02QUoqgnYTsWpAD/C2meVzeyM615deJPOm7BJxYRRpwuP7XsqeDXnJG1HP5odS1VPBa3w==",
      "peer": true
    }
  }
}
